{"1.2.0",
[{<<"kvs">>,{pkg,<<"kvs">>,<<"8.12.0">>},0},
 {<<"syn">>,{pkg,<<"syn">>,<<"2.1.0">>},0}]}.
[
{pkg_hash,[
 {<<"kvs">>, <<"C198D49F6ADA3D6F3166A4D8F18A95DF48E4AAB0266CB8B7C7CABF7711E12EFA">>},
 {<<"syn">>, <<"226136BB202B7D142F8C3A6E1287042BF835122F2B6DE775557E3A147877A685">>}]},
{pkg_hash_ext,[
 {<<"kvs">>, <<"4410896C7DF78EF5FE847776A4A1B4B08E3B554CE25E380A3204A36B9735E6B8">>},
 {<<"syn">>, <<"7A4C608AE8B413069DB088AF94CBF681649539185F4568714926EB00A1B5CFF1">>}]}
].
